
Microsoft Visual Studio Solution File, Format Version 12.00
# Visual Studio Version 16
VisualStudioVersion = 16.0.32002.261
MinimumVisualStudioVersion = 10.0.40219.1
Project("{FAE04EC0-301F-11D3-BF4B-00C04F79EFBC}") = "ITMO-BIM_m1-lab18", "ITMO-BIM_m1-lab18\ITMO-BIM_m1-lab18.csproj", "{DAD4239A-48AB-4A0E-8204-6D154AAD0563}"
EndProject
Global
	GlobalSection(SolutionConfigurationPlatforms) = preSolution
		Debug|Any CPU = Debug|Any CPU
		Release|Any CPU = Release|Any CPU
	EndGlobalSection
	GlobalSection(ProjectConfigurationPlatforms) = postSolution
		{DAD4239A-48AB-4A0E-8204-6D154AAD0563}.Debug|Any CPU.ActiveCfg = Debug|Any CPU
		{DAD4239A-48AB-4A0E-8204-6D154AAD0563}.Debug|Any CPU.Build.0 = Debug|Any CPU
		{DAD4239A-48AB-4A0E-8204-6D154AAD0563}.Release|Any CPU.ActiveCfg = Release|Any CPU
		{DAD4239A-48AB-4A0E-8204-6D154AAD0563}.Release|Any CPU.Build.0 = Release|Any CPU
	EndGlobalSection
	GlobalSection(SolutionProperties) = preSolution
		HideSolutionNode = FALSE
	EndGlobalSection
	GlobalSection(ExtensibilityGlobals) = postSolution
		SolutionGuid = {CB5D1E8F-FAA4-4DFB-89DE-F53573574684}
	EndGlobalSection
EndGlobal
